
Microsoft Visual Studio Solution File, Format Version 12.00
# Visual Studio 14
VisualStudioVersion = 14.0.25420.1
MinimumVisualStudioVersion = 10.0.40219.1
Project("{FAE04EC0-301F-11D3-BF4B-00C04F79EFBC}") = "IMS", "IMS\IMS.csproj", "{3B77E2D0-AB11-4D91-97AB-D879CB0FD5DD}"
EndProject
Project("{FAE04EC0-301F-11D3-BF4B-00C04F79EFBC}") = "IMS.Tests", "IMS.Tests\IMS.Tests.csproj", "{E7D49725-D36A-465E-81A4-641919D2EDB4}"
EndProject
Project("{FAE04EC0-301F-11D3-BF4B-00C04F79EFBC}") = "Basiclogic", "Basiclogic\Basiclogic.csproj", "{18683E53-9623-48BE-9A91-63526272F633}"
EndProject
Project("{FAE04EC0-301F-11D3-BF4B-00C04F79EFBC}") = "Utility", "Utility\Utility.csproj", "{FA0B7B44-7BFC-4AF6-943F-A145C5B1CF31}"
EndProject
Global
	GlobalSection(SolutionConfigurationPlatforms) = preSolution
		Debug|Any CPU = Debug|Any CPU
		Release|Any CPU = Release|Any CPU
	EndGlobalSection
	GlobalSection(ProjectConfigurationPlatforms) = postSolution
		{3B77E2D0-AB11-4D91-97AB-D879CB0FD5DD}.Debug|Any CPU.ActiveCfg = Debug|Any CPU
		{3B77E2D0-AB11-4D91-97AB-D879CB0FD5DD}.Debug|Any CPU.Build.0 = Debug|Any CPU
		{3B77E2D0-AB11-4D91-97AB-D879CB0FD5DD}.Release|Any CPU.ActiveCfg = Release|Any CPU
		{3B77E2D0-AB11-4D91-97AB-D879CB0FD5DD}.Release|Any CPU.Build.0 = Release|Any CPU
		{E7D49725-D36A-465E-81A4-641919D2EDB4}.Debug|Any CPU.ActiveCfg = Debug|Any CPU
		{E7D49725-D36A-465E-81A4-641919D2EDB4}.Debug|Any CPU.Build.0 = Debug|Any CPU
		{E7D49725-D36A-465E-81A4-641919D2EDB4}.Release|Any CPU.ActiveCfg = Release|Any CPU
		{E7D49725-D36A-465E-81A4-641919D2EDB4}.Release|Any CPU.Build.0 = Release|Any CPU
		{18683E53-9623-48BE-9A91-63526272F633}.Debug|Any CPU.ActiveCfg = Debug|Any CPU
		{18683E53-9623-48BE-9A91-63526272F633}.Debug|Any CPU.Build.0 = Debug|Any CPU
		{18683E53-9623-48BE-9A91-63526272F633}.Release|Any CPU.ActiveCfg = Release|Any CPU
		{18683E53-9623-48BE-9A91-63526272F633}.Release|Any CPU.Build.0 = Release|Any CPU
		{FA0B7B44-7BFC-4AF6-943F-A145C5B1CF31}.Debug|Any CPU.ActiveCfg = Debug|Any CPU
		{FA0B7B44-7BFC-4AF6-943F-A145C5B1CF31}.Debug|Any CPU.Build.0 = Debug|Any CPU
		{FA0B7B44-7BFC-4AF6-943F-A145C5B1CF31}.Release|Any CPU.ActiveCfg = Release|Any CPU
		{FA0B7B44-7BFC-4AF6-943F-A145C5B1CF31}.Release|Any CPU.Build.0 = Release|Any CPU
	EndGlobalSection
	GlobalSection(SolutionProperties) = preSolution
		HideSolutionNode = FALSE
	EndGlobalSection
EndGlobal
